
Microsoft Visual Studio Solution File, Format Version 12.00
# Visual Studio Version 17
VisualStudioVersion = 17.0.32014.148
MinimumVisualStudioVersion = 10.0.40219.1
Project("{FAE04EC0-301F-11D3-BF4B-00C04F79EFBC}") = "MysticEngine", "MysticEngine\MysticEngine.csproj", "{2D35BA50-026E-4101-8B43-07CCBE38927B}"
EndProject
Project("{FAE04EC0-301F-11D3-BF4B-00C04F79EFBC}") = "MysticEngine.Core", "MysticEngine.Core\MysticEngine.Core.csproj", "{5346DA4F-2B9F-4782-B078-B1D97E957DE8}"
EndProject
Project("{FAE04EC0-301F-11D3-BF4B-00C04F79EFBC}") = "MysticEngine.GLFW", "MysticEngine.GLFW\MysticEngine.GLFW.csproj", "{5CE6F39B-132A-4CA8-881E-DCA7F07EBA3D}"
EndProject
Project("{FAE04EC0-301F-11D3-BF4B-00C04F79EFBC}") = "MysticEngine.GL", "MysticEngine.GL\MysticEngine.GL.csproj", "{F2317295-B13E-4BF7-922E-4C87D08CF683}"
EndProject
Project("{FAE04EC0-301F-11D3-BF4B-00C04F79EFBC}") = "MysticEngine.DefaultEcs", "MysticEngine.DefaultEcs\MysticEngine.DefaultEcs.csproj", "{5A357E44-D76F-4EFA-AD10-B1AD4304AF05}"
EndProject
Global
	GlobalSection(SolutionConfigurationPlatforms) = preSolution
		Debug|Any CPU = Debug|Any CPU
		Release|Any CPU = Release|Any CPU
	EndGlobalSection
	GlobalSection(ProjectConfigurationPlatforms) = postSolution
		{2D35BA50-026E-4101-8B43-07CCBE38927B}.Debug|Any CPU.ActiveCfg = Debug|Any CPU
		{2D35BA50-026E-4101-8B43-07CCBE38927B}.Debug|Any CPU.Build.0 = Debug|Any CPU
		{2D35BA50-026E-4101-8B43-07CCBE38927B}.Release|Any CPU.ActiveCfg = Release|Any CPU
		{2D35BA50-026E-4101-8B43-07CCBE38927B}.Release|Any CPU.Build.0 = Release|Any CPU
		{5346DA4F-2B9F-4782-B078-B1D97E957DE8}.Debug|Any CPU.ActiveCfg = Debug|Any CPU
		{5346DA4F-2B9F-4782-B078-B1D97E957DE8}.Debug|Any CPU.Build.0 = Debug|Any CPU
		{5346DA4F-2B9F-4782-B078-B1D97E957DE8}.Release|Any CPU.ActiveCfg = Release|Any CPU
		{5346DA4F-2B9F-4782-B078-B1D97E957DE8}.Release|Any CPU.Build.0 = Release|Any CPU
		{5CE6F39B-132A-4CA8-881E-DCA7F07EBA3D}.Debug|Any CPU.ActiveCfg = Debug|Any CPU
		{5CE6F39B-132A-4CA8-881E-DCA7F07EBA3D}.Debug|Any CPU.Build.0 = Debug|Any CPU
		{5CE6F39B-132A-4CA8-881E-DCA7F07EBA3D}.Release|Any CPU.ActiveCfg = Release|Any CPU
		{5CE6F39B-132A-4CA8-881E-DCA7F07EBA3D}.Release|Any CPU.Build.0 = Release|Any CPU
		{F2317295-B13E-4BF7-922E-4C87D08CF683}.Debug|Any CPU.ActiveCfg = Debug|Any CPU
		{F2317295-B13E-4BF7-922E-4C87D08CF683}.Debug|Any CPU.Build.0 = Debug|Any CPU
		{F2317295-B13E-4BF7-922E-4C87D08CF683}.Release|Any CPU.ActiveCfg = Release|Any CPU
		{F2317295-B13E-4BF7-922E-4C87D08CF683}.Release|Any CPU.Build.0 = Release|Any CPU
		{5A357E44-D76F-4EFA-AD10-B1AD4304AF05}.Debug|Any CPU.ActiveCfg = Debug|Any CPU
		{5A357E44-D76F-4EFA-AD10-B1AD4304AF05}.Debug|Any CPU.Build.0 = Debug|Any CPU
		{5A357E44-D76F-4EFA-AD10-B1AD4304AF05}.Release|Any CPU.ActiveCfg = Release|Any CPU
		{5A357E44-D76F-4EFA-AD10-B1AD4304AF05}.Release|Any CPU.Build.0 = Release|Any CPU
	EndGlobalSection
	GlobalSection(SolutionProperties) = preSolution
		HideSolutionNode = FALSE
	EndGlobalSection
	GlobalSection(ExtensibilityGlobals) = postSolution
		SolutionGuid = {421C2636-628F-4987-938A-18FAD3A1B94C}
	EndGlobalSection
EndGlobal
